
Microsoft Visual Studio Solution File, Format Version 12.00
# Visual Studio 2015
Project("{FAE04EC0-301F-11D3-BF4B-00C04F79EFBC}") = "Editor de pinceles", "Editor de pinceles.csproj", "{93C7D136-E241-4C35-5A76-B80C63166BED}"
EndProject
Global
	GlobalSection(SolutionConfigurationPlatforms) = preSolution
		Debug|Any CPU = Debug|Any CPU
		Release|Any CPU = Release|Any CPU
	EndGlobalSection
	GlobalSection(ProjectConfigurationPlatforms) = postSolution
		{93C7D136-E241-4C35-5A76-B80C63166BED}.Debug|Any CPU.ActiveCfg = Debug|Any CPU
		{93C7D136-E241-4C35-5A76-B80C63166BED}.Debug|Any CPU.Build.0 = Debug|Any CPU
		{93C7D136-E241-4C35-5A76-B80C63166BED}.Release|Any CPU.ActiveCfg = Release|Any CPU
		{93C7D136-E241-4C35-5A76-B80C63166BED}.Release|Any CPU.Build.0 = Release|Any CPU
	EndGlobalSection
	GlobalSection(SolutionProperties) = preSolution
		HideSolutionNode = FALSE
	EndGlobalSection
EndGlobal
